
Microsoft Visual Studio Solution File, Format Version 12.00
# Visual Studio Version 17
VisualStudioVersion = 17.10.34928.147
MinimumVisualStudioVersion = 10.0.40219.1
Project("{9A19103F-16F7-4668-BE54-9A1E7A4F7556}") = "PW_110724_Server", "PW_110724_Server\PW_110724_Server.csproj", "{B7683472-6810-4469-B3AC-B068082CC37B}"
EndProject
Project("{FAE04EC0-301F-11D3-BF4B-00C04F79EFBC}") = "PW_110724_AsyncServer", "PW_110724_AsyncServer\PW_110724_AsyncServer.csproj", "{990DE4BB-FCF2-44F8-9446-C30CBBB104FD}"
EndProject
Global
	GlobalSection(SolutionConfigurationPlatforms) = preSolution
		Debug|Any CPU = Debug|Any CPU
		Release|Any CPU = Release|Any CPU
	EndGlobalSection
	GlobalSection(ProjectConfigurationPlatforms) = postSolution
		{B7683472-6810-4469-B3AC-B068082CC37B}.Debug|Any CPU.ActiveCfg = Debug|Any CPU
		{B7683472-6810-4469-B3AC-B068082CC37B}.Debug|Any CPU.Build.0 = Debug|Any CPU
		{B7683472-6810-4469-B3AC-B068082CC37B}.Release|Any CPU.ActiveCfg = Release|Any CPU
		{B7683472-6810-4469-B3AC-B068082CC37B}.Release|Any CPU.Build.0 = Release|Any CPU
		{990DE4BB-FCF2-44F8-9446-C30CBBB104FD}.Debug|Any CPU.ActiveCfg = Debug|Any CPU
		{990DE4BB-FCF2-44F8-9446-C30CBBB104FD}.Debug|Any CPU.Build.0 = Debug|Any CPU
		{990DE4BB-FCF2-44F8-9446-C30CBBB104FD}.Release|Any CPU.ActiveCfg = Release|Any CPU
		{990DE4BB-FCF2-44F8-9446-C30CBBB104FD}.Release|Any CPU.Build.0 = Release|Any CPU
	EndGlobalSection
	GlobalSection(SolutionProperties) = preSolution
		HideSolutionNode = FALSE
	EndGlobalSection
	GlobalSection(ExtensibilityGlobals) = postSolution
		SolutionGuid = {613223DE-2D2F-46A4-996E-E7A244E2E222}
	EndGlobalSection
EndGlobal
